
Microsoft Visual Studio Solution File, Format Version 12.00
# Visual Studio Version 17
VisualStudioVersion = 17.0.31903.59
MinimumVisualStudioVersion = 10.0.40219.1
Project("{2150E333-8FDC-42A3-9474-1A3956D46DE8}") = "tools", "tools", "{07C2787E-EAC7-C090-1BA3-A61EC2A24D84}"
EndProject
Project("{FAE04EC0-301F-11D3-BF4B-00C04F79EFBC}") = "Luban.Extension.Deployer", "tools\Luban.Extension.Deployer\Luban.Extension.Deployer.csproj", "{0A9F91AE-AB27-4D55-9C58-A02F038E89CD}"
EndProject
Project("{2150E333-8FDC-42A3-9474-1A3956D46DE8}") = "MultiRootPathValidator", "MultiRootPathValidator", "{C4E7FDFC-A544-F7E0-E3BB-81C4D22C52E0}"
EndProject
Project("{FAE04EC0-301F-11D3-BF4B-00C04F79EFBC}") = "Luban.MultiRootPathValidator", "MultiRootPathValidator\Luban.MultiRootPathValidator.csproj", "{90BC188A-0687-48BD-A343-B94124A88EED}"
EndProject
Project("{2150E333-8FDC-42A3-9474-1A3956D46DE8}") = "ScriptValidator", "ScriptValidator", "{A15E08F4-789E-4C6A-9D0B-20C62AF1E32D}"
EndProject
Project("{FAE04EC0-301F-11D3-BF4B-00C04F79EFBC}") = "Luban.ScriptValidator", "Luban.ScriptValidator\Luban.ScriptValidator.csproj", "{B2D30B7A-AE86-46B8-B7A5-5B794E5C1CDB}"
EndProject
Global
	GlobalSection(SolutionConfigurationPlatforms) = preSolution
		Debug|Any CPU = Debug|Any CPU
		Debug|x64 = Debug|x64
		Debug|x86 = Debug|x86
		Release|Any CPU = Release|Any CPU
		Release|x64 = Release|x64
		Release|x86 = Release|x86
	EndGlobalSection
	GlobalSection(ProjectConfigurationPlatforms) = postSolution
		{0A9F91AE-AB27-4D55-9C58-A02F038E89CD}.Debug|Any CPU.ActiveCfg = Debug|Any CPU
		{0A9F91AE-AB27-4D55-9C58-A02F038E89CD}.Debug|Any CPU.Build.0 = Debug|Any CPU
		{0A9F91AE-AB27-4D55-9C58-A02F038E89CD}.Debug|x64.ActiveCfg = Debug|Any CPU
		{0A9F91AE-AB27-4D55-9C58-A02F038E89CD}.Debug|x64.Build.0 = Debug|Any CPU
		{0A9F91AE-AB27-4D55-9C58-A02F038E89CD}.Debug|x86.ActiveCfg = Debug|Any CPU
		{0A9F91AE-AB27-4D55-9C58-A02F038E89CD}.Debug|x86.Build.0 = Debug|Any CPU
		{0A9F91AE-AB27-4D55-9C58-A02F038E89CD}.Release|Any CPU.ActiveCfg = Release|Any CPU
		{0A9F91AE-AB27-4D55-9C58-A02F038E89CD}.Release|Any CPU.Build.0 = Release|Any CPU
		{0A9F91AE-AB27-4D55-9C58-A02F038E89CD}.Release|x64.ActiveCfg = Release|Any CPU
		{0A9F91AE-AB27-4D55-9C58-A02F038E89CD}.Release|x64.Build.0 = Release|Any CPU
		{0A9F91AE-AB27-4D55-9C58-A02F038E89CD}.Release|x86.ActiveCfg = Release|Any CPU
		{0A9F91AE-AB27-4D55-9C58-A02F038E89CD}.Release|x86.Build.0 = Release|Any CPU
		{90BC188A-0687-48BD-A343-B94124A88EED}.Debug|Any CPU.ActiveCfg = Debug|Any CPU
		{90BC188A-0687-48BD-A343-B94124A88EED}.Debug|Any CPU.Build.0 = Debug|Any CPU
		{90BC188A-0687-48BD-A343-B94124A88EED}.Debug|x64.ActiveCfg = Debug|Any CPU
		{90BC188A-0687-48BD-A343-B94124A88EED}.Debug|x64.Build.0 = Debug|Any CPU
		{90BC188A-0687-48BD-A343-B94124A88EED}.Debug|x86.ActiveCfg = Debug|Any CPU
		{90BC188A-0687-48BD-A343-B94124A88EED}.Debug|x86.Build.0 = Debug|Any CPU
		{90BC188A-0687-48BD-A343-B94124A88EED}.Release|Any CPU.ActiveCfg = Release|Any CPU
		{90BC188A-0687-48BD-A343-B94124A88EED}.Release|Any CPU.Build.0 = Release|Any CPU
		{90BC188A-0687-48BD-A343-B94124A88EED}.Release|x64.ActiveCfg = Release|Any CPU
		{90BC188A-0687-48BD-A343-B94124A88EED}.Release|x64.Build.0 = Release|Any CPU
		{90BC188A-0687-48BD-A343-B94124A88EED}.Release|x86.ActiveCfg = Release|Any CPU
		{90BC188A-0687-48BD-A343-B94124A88EED}.Release|x86.Build.0 = Release|Any CPU
		{B2D30B7A-AE86-46B8-B7A5-5B794E5C1CDB}.Debug|Any CPU.ActiveCfg = Debug|Any CPU
		{B2D30B7A-AE86-46B8-B7A5-5B794E5C1CDB}.Debug|Any CPU.Build.0 = Debug|Any CPU
		{B2D30B7A-AE86-46B8-B7A5-5B794E5C1CDB}.Debug|x64.ActiveCfg = Debug|Any CPU
		{B2D30B7A-AE86-46B8-B7A5-5B794E5C1CDB}.Debug|x64.Build.0 = Debug|Any CPU
		{B2D30B7A-AE86-46B8-B7A5-5B794E5C1CDB}.Debug|x86.ActiveCfg = Debug|Any CPU
		{B2D30B7A-AE86-46B8-B7A5-5B794E5C1CDB}.Debug|x86.Build.0 = Debug|Any CPU
		{B2D30B7A-AE86-46B8-B7A5-5B794E5C1CDB}.Release|Any CPU.ActiveCfg = Release|Any CPU
		{B2D30B7A-AE86-46B8-B7A5-5B794E5C1CDB}.Release|Any CPU.Build.0 = Release|Any CPU
		{B2D30B7A-AE86-46B8-B7A5-5B794E5C1CDB}.Release|x64.ActiveCfg = Release|Any CPU
		{B2D30B7A-AE86-46B8-B7A5-5B794E5C1CDB}.Release|x64.Build.0 = Release|Any CPU
		{B2D30B7A-AE86-46B8-B7A5-5B794E5C1CDB}.Release|x86.ActiveCfg = Release|Any CPU
		{B2D30B7A-AE86-46B8-B7A5-5B794E5C1CDB}.Release|x86.Build.0 = Release|Any CPU
	EndGlobalSection
	GlobalSection(SolutionProperties) = preSolution
		HideSolutionNode = FALSE
	EndGlobalSection
	GlobalSection(NestedProjects) = preSolution
		{0A9F91AE-AB27-4D55-9C58-A02F038E89CD} = {07C2787E-EAC7-C090-1BA3-A61EC2A24D84}
		{90BC188A-0687-48BD-A343-B94124A88EED} = {C4E7FDFC-A544-F7E0-E3BB-81C4D22C52E0}
		{B2D30B7A-AE86-46B8-B7A5-5B794E5C1CDB} = {A15E08F4-789E-4C6A-9D0B-20C62AF1E32D}
	EndGlobalSection
EndGlobal
